
Microsoft Visual Studio Solution File, Format Version 12.00
# Visual Studio Version 17
VisualStudioVersion = 17.4.33213.308
MinimumVisualStudioVersion = 10.0.40219.1
Project("{FAE04EC0-301F-11D3-BF4B-00C04F79EFBC}") = "GamesCRUD", "GamesCRUD\GamesCRUD.csproj", "{2226A88B-5ADC-467A-8EEF-F81DCA45E089}"
EndProject
Global
	GlobalSection(SolutionConfigurationPlatforms) = preSolution
		Debug|Any CPU = Debug|Any CPU
		Release|Any CPU = Release|Any CPU
	EndGlobalSection
	GlobalSection(ProjectConfigurationPlatforms) = postSolution
		{2226A88B-5ADC-467A-8EEF-F81DCA45E089}.Debug|Any CPU.ActiveCfg = Debug|Any CPU
		{2226A88B-5ADC-467A-8EEF-F81DCA45E089}.Debug|Any CPU.Build.0 = Debug|Any CPU
		{2226A88B-5ADC-467A-8EEF-F81DCA45E089}.Release|Any CPU.ActiveCfg = Release|Any CPU
		{2226A88B-5ADC-467A-8EEF-F81DCA45E089}.Release|Any CPU.Build.0 = Release|Any CPU
	EndGlobalSection
	GlobalSection(SolutionProperties) = preSolution
		HideSolutionNode = FALSE
	EndGlobalSection
	GlobalSection(ExtensibilityGlobals) = postSolution
		SolutionGuid = {54F8DDEB-5E63-4118-B6FD-D4AD3EE21763}
	EndGlobalSection
EndGlobal
